
Microsoft Visual Studio Solution File, Format Version 12.00
# Visual Studio Version 16
VisualStudioVersion = 16.0.29424.173
MinimumVisualStudioVersion = 10.0.40219.1
Project("{FAE04EC0-301F-11D3-BF4B-00C04F79EFBC}") = "ArduinoEmulator", "ArduinoEmulator\ArduinoEmulator.csproj", "{F902E3A3-6CCA-47D3-BF5F-AEA4CF583CD1}"
EndProject
Project("{FAE04EC0-301F-11D3-BF4B-00C04F79EFBC}") = "ArduinoCore", "ArduinoCore\ArduinoCore.csproj", "{FC28705C-06B1-4D99-8644-840A00EB47CD}"
EndProject
Project("{9A19103F-16F7-4668-BE54-9A1E7A4F7556}") = "ArduinoLanguage", "ArduinoLanguage\ArduinoLanguage.csproj", "{8284FB4A-0054-4688-99F5-C0AA5A7C8314}"
EndProject
Project("{2150E333-8FDC-42A3-9474-1A3956D46DE8}") = "Solution Items", "Solution Items", "{595F8E8A-B48D-4434-B52B-D0FC2760BDA0}"
	ProjectSection(SolutionItems) = preProject
		README.md = README.md
	EndProjectSection
EndProject
Global
	GlobalSection(SolutionConfigurationPlatforms) = preSolution
		Debug|Any CPU = Debug|Any CPU
		Release|Any CPU = Release|Any CPU
	EndGlobalSection
	GlobalSection(ProjectConfigurationPlatforms) = postSolution
		{F902E3A3-6CCA-47D3-BF5F-AEA4CF583CD1}.Debug|Any CPU.ActiveCfg = Debug|Any CPU
		{F902E3A3-6CCA-47D3-BF5F-AEA4CF583CD1}.Debug|Any CPU.Build.0 = Debug|Any CPU
		{F902E3A3-6CCA-47D3-BF5F-AEA4CF583CD1}.Release|Any CPU.ActiveCfg = Release|Any CPU
		{F902E3A3-6CCA-47D3-BF5F-AEA4CF583CD1}.Release|Any CPU.Build.0 = Release|Any CPU
		{FC28705C-06B1-4D99-8644-840A00EB47CD}.Debug|Any CPU.ActiveCfg = Debug|Any CPU
		{FC28705C-06B1-4D99-8644-840A00EB47CD}.Debug|Any CPU.Build.0 = Debug|Any CPU
		{FC28705C-06B1-4D99-8644-840A00EB47CD}.Release|Any CPU.ActiveCfg = Release|Any CPU
		{FC28705C-06B1-4D99-8644-840A00EB47CD}.Release|Any CPU.Build.0 = Release|Any CPU
		{8284FB4A-0054-4688-99F5-C0AA5A7C8314}.Debug|Any CPU.ActiveCfg = Debug|Any CPU
		{8284FB4A-0054-4688-99F5-C0AA5A7C8314}.Debug|Any CPU.Build.0 = Debug|Any CPU
		{8284FB4A-0054-4688-99F5-C0AA5A7C8314}.Release|Any CPU.ActiveCfg = Release|Any CPU
		{8284FB4A-0054-4688-99F5-C0AA5A7C8314}.Release|Any CPU.Build.0 = Release|Any CPU
	EndGlobalSection
	GlobalSection(SolutionProperties) = preSolution
		HideSolutionNode = FALSE
	EndGlobalSection
	GlobalSection(ExtensibilityGlobals) = postSolution
		SolutionGuid = {A91E4CFA-27BD-46E6-8438-96402AD8FE92}
	EndGlobalSection
EndGlobal
